// !$*UTF8*$!
{
	archiveVersion = 1;
	classes = {
	};
	objectVersion = 46;
	objects = {

/* Begin PBXBuildFile section */
		9CF748533FC94194916197EE /* Pods_PetOye.framework in Frameworks */ = {isa = PBXBuildFile; fileRef = 4FD0AD1B655AFF41BBB31D5A /* Pods_PetOye.framework */; };
		E418C4DD1EF6FA7A00B02C47 /* introViewController.swift in Sources */ = {isa = PBXBuildFile; fileRef = E418C4DC1EF6FA7A00B02C47 /* introViewController.swift */; };
		E418C4DF1EF6FD2D00B02C47 /* Colors.swift in Sources */ = {isa = PBXBuildFile; fileRef = E418C4DE1EF6FD2D00B02C47 /* Colors.swift */; };
		E43CA86B1F19FDEC00FD764E /* bookmarkViewController.swift in Sources */ = {isa = PBXBuildFile; fileRef = E43CA86A1F19FDEC00FD764E /* bookmarkViewController.swift */; };
		E43CA86D1F19FF6F00FD764E /* serviceInBookmarkTableViewController.swift in Sources */ = {isa = PBXBuildFile; fileRef = E43CA86C1F19FF6F00FD764E /* serviceInBookmarkTableViewController.swift */; };
		E43CA86F1F1A0F8000FD764E /* questionsInBookmarkTableViewController.swift in Sources */ = {isa = PBXBuildFile; fileRef = E43CA86E1F1A0F8000FD764E /* questionsInBookmarkTableViewController.swift */; };
		E43CA8711F1A11B600FD764E /* placesInBookmarkTableViewController.swift in Sources */ = {isa = PBXBuildFile; fileRef = E43CA8701F1A11B600FD764E /* placesInBookmarkTableViewController.swift */; };
		E43CA8731F1A126E00FD764E /* adoptionInBookmarksTableViewController.swift in Sources */ = {isa = PBXBuildFile; fileRef = E43CA8721F1A126E00FD764E /* adoptionInBookmarksTableViewController.swift */; };
		E43CA8751F1A12F300FD764E /* eventsInBookmarksTableViewController.swift in Sources */ = {isa = PBXBuildFile; fileRef = E43CA8741F1A12F300FD764E /* eventsInBookmarksTableViewController.swift */; };
		E43CA8771F1A1B0800FD764E /* bookmarksTableViewCell.swift in Sources */ = {isa = PBXBuildFile; fileRef = E43CA8761F1A1B0800FD764E /* bookmarksTableViewCell.swift */; };
		E43CA8791F1A32D800FD764E /* allChatsViewController.swift in Sources */ = {isa = PBXBuildFile; fileRef = E43CA8781F1A32D800FD764E /* allChatsViewController.swift */; };
		E43CA87B1F1A365100FD764E /* SourceSansPro-Regular.ttf in Resources */ = {isa = PBXBuildFile; fileRef = E43CA87A1F1A361800FD764E /* SourceSansPro-Regular.ttf */; };
		E43CA87D1F1A399600FD764E /* chatTableViewCell.swift in Sources */ = {isa = PBXBuildFile; fileRef = E43CA87C1F1A399600FD764E /* chatTableViewCell.swift */; };
		E43CA87F1F1A5C9500FD764E /* oneChatViewController.swift in Sources */ = {isa = PBXBuildFile; fileRef = E43CA87E1F1A5C9500FD764E /* oneChatViewController.swift */; };
		E43CA8811F1BC5ED00FD764E /* exploreViewController.swift in Sources */ = {isa = PBXBuildFile; fileRef = E43CA8801F1BC5ED00FD764E /* exploreViewController.swift */; };
		E43CA8831F1C6C4D00FD764E /* questionOnlyTableViewCell.swift in Sources */ = {isa = PBXBuildFile; fileRef = E43CA8821F1C6C4D00FD764E /* questionOnlyTableViewCell.swift */; };
		E43CA8861F1C742E00FD764E /* exploreTVDSDL.swift in Sources */ = {isa = PBXBuildFile; fileRef = E43CA8851F1C742E00FD764E /* exploreTVDSDL.swift */; };
		E43CA8881F1CF3AA00FD764E /* tookToServiceTableViewCell.swift in Sources */ = {isa = PBXBuildFile; fileRef = E43CA8871F1CF3AA00FD764E /* tookToServiceTableViewCell.swift */; };
		E43CA88A1F1D138800FD764E /* doggo.jpg in Resources */ = {isa = PBXBuildFile; fileRef = E43CA8891F1D138800FD764E /* doggo.jpg */; };
		E43CA88C1F1D13FC00FD764E /* imagesInExploreCollectionViewCell.swift in Sources */ = {isa = PBXBuildFile; fileRef = E43CA88B1F1D13FC00FD764E /* imagesInExploreCollectionViewCell.swift */; };
		E4768C6F1EF771DE003D2506 /* loginViewController.swift in Sources */ = {isa = PBXBuildFile; fileRef = E4768C6E1EF771DE003D2506 /* loginViewController.swift */; };
		E4768C711EF7FB98003D2506 /* tutSample1.mov in Resources */ = {isa = PBXBuildFile; fileRef = E4768C701EF7FB98003D2506 /* tutSample1.mov */; };
		E4768C731EF80F15003D2506 /* Helpers.swift in Sources */ = {isa = PBXBuildFile; fileRef = E4768C721EF80F15003D2506 /* Helpers.swift */; };
		E4768C751EF823DE003D2506 /* basicInfoViewController.swift in Sources */ = {isa = PBXBuildFile; fileRef = E4768C741EF823DE003D2506 /* basicInfoViewController.swift */; };
		E4768C771EF838FF003D2506 /* userTypeTableViewCell.swift in Sources */ = {isa = PBXBuildFile; fileRef = E4768C761EF838FF003D2506 /* userTypeTableViewCell.swift */; };
		E4768C791EF85EDE003D2506 /* Intro.storyboard in Resources */ = {isa = PBXBuildFile; fileRef = E4768C781EF85EDE003D2506 /* Intro.storyboard */; };
		E4768C7B1EF86041003D2506 /* Home.storyboard in Resources */ = {isa = PBXBuildFile; fileRef = E4768C7A1EF86041003D2506 /* Home.storyboard */; };
		E4768C7D1EF868F6003D2506 /* HomeTab.storyboard in Resources */ = {isa = PBXBuildFile; fileRef = E4768C7C1EF868F6003D2506 /* HomeTab.storyboard */; };
		E4768C7F1EF86915003D2506 /* StoriesTab.storyboard in Resources */ = {isa = PBXBuildFile; fileRef = E4768C7E1EF86915003D2506 /* StoriesTab.storyboard */; };
		E4768C811EF86930003D2506 /* NotificationsTab.storyboard in Resources */ = {isa = PBXBuildFile; fileRef = E4768C801EF86930003D2506 /* NotificationsTab.storyboard */; };
		E4768C831EF86947003D2506 /* MeTab.storyboard in Resources */ = {isa = PBXBuildFile; fileRef = E4768C821EF86947003D2506 /* MeTab.storyboard */; };
		E4768C891EF86B0B003D2506 /* .gitignore in Resources */ = {isa = PBXBuildFile; fileRef = E4768C881EF86B0B003D2506 /* .gitignore */; };
		E4768C8B1EF929E2003D2506 /* homeViewController.swift in Sources */ = {isa = PBXBuildFile; fileRef = E4768C8A1EF929E2003D2506 /* homeViewController.swift */; };
		E490B55F1F1E358A0002AC83 /* PinterestLayout.swift in Sources */ = {isa = PBXBuildFile; fileRef = E490B55E1F1E358A0002AC83 /* PinterestLayout.swift */; };
		E490B5751F1E3E4F0002AC83 /* storyCollectionViewCell.swift in Sources */ = {isa = PBXBuildFile; fileRef = E490B5741F1E3E4F0002AC83 /* storyCollectionViewCell.swift */; };
		E490B5771F1E4AEE0002AC83 /* i1.png in Resources */ = {isa = PBXBuildFile; fileRef = E490B5761F1E4AEE0002AC83 /* i1.png */; };
		E490B5791F1E4AF70002AC83 /* i2.png in Resources */ = {isa = PBXBuildFile; fileRef = E490B5781F1E4AF70002AC83 /* i2.png */; };
		E490B57B1F1E599B0002AC83 /* notificationsViewController.swift in Sources */ = {isa = PBXBuildFile; fileRef = E490B57A1F1E599B0002AC83 /* notificationsViewController.swift */; };
		E490B57D1F1E5DD30002AC83 /* notificationsTVDSDL.swift in Sources */ = {isa = PBXBuildFile; fileRef = E490B57C1F1E5DD30002AC83 /* notificationsTVDSDL.swift */; };
		E490B57F1F1F096A0002AC83 /* storyDetailViewController.swift in Sources */ = {isa = PBXBuildFile; fileRef = E490B57E1F1F096A0002AC83 /* storyDetailViewController.swift */; };
		E490B5811F1F118F0002AC83 /* storyHeaderTableViewCell.swift in Sources */ = {isa = PBXBuildFile; fileRef = E490B5801F1F118F0002AC83 /* storyHeaderTableViewCell.swift */; };
		E490B5831F1F1FF30002AC83 /* storyLeftRightTableViewCell.swift in Sources */ = {isa = PBXBuildFile; fileRef = E490B5821F1F1FF30002AC83 /* storyLeftRightTableViewCell.swift */; };
		E490B5871F1F25520002AC83 /* Suchita3.png in Resources */ = {isa = PBXBuildFile; fileRef = E490B5861F1F25520002AC83 /* Suchita3.png */; };
		E490B5891F1F28F50002AC83 /* quoteTableViewCell.swift in Sources */ = {isa = PBXBuildFile; fileRef = E490B5881F1F28F50002AC83 /* quoteTableViewCell.swift */; };
		E490B58B1F1F2FF50002AC83 /* readNextTableViewCell.swift in Sources */ = {isa = PBXBuildFile; fileRef = E490B58A1F1F2FF50002AC83 /* readNextTableViewCell.swift */; };
		E490B58D1F1F30C10002AC83 /* next.png in Resources */ = {isa = PBXBuildFile; fileRef = E490B58C1F1F30C10002AC83 /* next.png */; };
		E490B58F1F1F919E0002AC83 /* reminderTableViewCell.swift in Sources */ = {isa = PBXBuildFile; fileRef = E490B58E1F1F919E0002AC83 /* reminderTableViewCell.swift */; };
		E490B5911F1F9F4F0002AC83 /* notifTableViewCell.swift in Sources */ = {isa = PBXBuildFile; fileRef = E490B5901F1F9F4F0002AC83 /* notifTableViewCell.swift */; };
		E49B88D81F18B74C006451AB /* Explore.storyboard in Resources */ = {isa = PBXBuildFile; fileRef = E49B88D71F18B74C006451AB /* Explore.storyboard */; };
		E49B88DC1F18C20A006451AB /* SWRevealViewController.m in Sources */ = {isa = PBXBuildFile; fileRef = E49B88DB1F18C20A006451AB /* SWRevealViewController.m */; };
		E49B88DE1F18D279006451AB /* hamburgerMenuViewController.swift in Sources */ = {isa = PBXBuildFile; fileRef = E49B88DD1F18D279006451AB /* hamburgerMenuViewController.swift */; };
		E49B88E01F18E006006451AB /* hamUserInfoTableViewCell.swift in Sources */ = {isa = PBXBuildFile; fileRef = E49B88DF1F18E006006451AB /* hamUserInfoTableViewCell.swift */; };
		E49CB8261EEFB36E00FE2C73 /* AppDelegate.swift in Sources */ = {isa = PBXBuildFile; fileRef = E49CB8251EEFB36E00FE2C73 /* AppDelegate.swift */; };
		E49CB8281EEFB36E00FE2C73 /* ViewController.swift in Sources */ = {isa = PBXBuildFile; fileRef = E49CB8271EEFB36E00FE2C73 /* ViewController.swift */; };
		E49CB82B1EEFB36E00FE2C73 /* Main.storyboard in Resources */ = {isa = PBXBuildFile; fileRef = E49CB8291EEFB36E00FE2C73 /* Main.storyboard */; };
		E49CB82D1EEFB36E00FE2C73 /* Assets.xcassets in Resources */ = {isa = PBXBuildFile; fileRef = E49CB82C1EEFB36E00FE2C73 /* Assets.xcassets */; };
		E49CB8301EEFB36E00FE2C73 /* LaunchScreen.storyboard in Resources */ = {isa = PBXBuildFile; fileRef = E49CB82E1EEFB36E00FE2C73 /* LaunchScreen.storyboard */; };
		E49CB8381EEFB69500FE2C73 /* HVD Fonts - BrandonText-Regular.otf in Resources */ = {isa = PBXBuildFile; fileRef = E49CB8371EEFB68B00FE2C73 /* HVD Fonts - BrandonText-Regular.otf */; };
		E49CB83A1EEFB6AF00FE2C73 /* HVD Fonts - BrandonText-Light.otf in Resources */ = {isa = PBXBuildFile; fileRef = E49CB8391EEFB6A900FE2C73 /* HVD Fonts - BrandonText-Light.otf */; };
		E49CB83C1EEFB6C800FE2C73 /* HVD Fonts - BrandonText-Bold.otf in Resources */ = {isa = PBXBuildFile; fileRef = E49CB83B1EEFB6C000FE2C73 /* HVD Fonts - BrandonText-Bold.otf */; };
		E49CB83E1EEFB6DB00FE2C73 /* HVD Fonts - BrandonText-Medium.otf in Resources */ = {isa = PBXBuildFile; fileRef = E49CB83D1EEFB6D600FE2C73 /* HVD Fonts - BrandonText-Medium.otf */; };
		E4D80E861F18EC3B00C09B6F /* shortcutTableViewCell.swift in Sources */ = {isa = PBXBuildFile; fileRef = E4D80E851F18EC3B00C09B6F /* shortcutTableViewCell.swift */; };
		E4D80E881F18F26700C09B6F /* demo.jpg in Resources */ = {isa = PBXBuildFile; fileRef = E4D80E871F18F26700C09B6F /* demo.jpg */; };
		E4D80E8A1F18F93B00C09B6F /* petStuffTableViewCell.swift in Sources */ = {isa = PBXBuildFile; fileRef = E4D80E891F18F93B00C09B6F /* petStuffTableViewCell.swift */; };
		E4D80E8C1F19119200C09B6F /* subMenuTitleTableViewCell.swift in Sources */ = {isa = PBXBuildFile; fileRef = E4D80E8B1F19119200C09B6F /* subMenuTitleTableViewCell.swift */; };
/* End PBXBuildFile section */

/* Begin PBXFileReference section */
		4FD0AD1B655AFF41BBB31D5A /* Pods_PetOye.framework */ = {isa = PBXFileReference; explicitFileType = wrapper.framework; includeInIndex = 0; path = Pods_PetOye.framework; sourceTree = BUILT_PRODUCTS_DIR; };
		9DDCA9B1A44F7B9CFA8902CC /* Pods-PetOye.release.xcconfig */ = {isa = PBXFileReference; includeInIndex = 1; lastKnownFileType = text.xcconfig; name = "Pods-PetOye.release.xcconfig"; path = "Pods/Target Support Files/Pods-PetOye/Pods-PetOye.release.xcconfig"; sourceTree = "<group>"; };
		CF8796C3148C2DBDA68187DA /* Pods-PetOye.debug.xcconfig */ = {isa = PBXFileReference; includeInIndex = 1; lastKnownFileType = text.xcconfig; name = "Pods-PetOye.debug.xcconfig"; path = "Pods/Target Support Files/Pods-PetOye/Pods-PetOye.debug.xcconfig"; sourceTree = "<group>"; };
		E418C4DC1EF6FA7A00B02C47 /* introViewController.swift */ = {isa = PBXFileReference; fileEncoding = 4; lastKnownFileType = sourcecode.swift; path = introViewController.swift; sourceTree = "<group>"; };
		E418C4DE1EF6FD2D00B02C47 /* Colors.swift */ = {isa = PBXFileReference; fileEncoding = 4; lastKnownFileType = sourcecode.swift; path = Colors.swift; sourceTree = "<group>"; };
		E43CA86A1F19FDEC00FD764E /* bookmarkViewController.swift */ = {isa = PBXFileReference; fileEncoding = 4; lastKnownFileType = sourcecode.swift; path = bookmarkViewController.swift; sourceTree = "<group>"; };
		E43CA86C1F19FF6F00FD764E /* serviceInBookmarkTableViewController.swift */ = {isa = PBXFileReference; fileEncoding = 4; lastKnownFileType = sourcecode.swift; path = serviceInBookmarkTableViewController.swift; sourceTree = "<group>"; };
		E43CA86E1F1A0F8000FD764E /* questionsInBookmarkTableViewController.swift */ = {isa = PBXFileReference; fileEncoding = 4; lastKnownFileType = sourcecode.swift; path = questionsInBookmarkTableViewController.swift; sourceTree = "<group>"; };
		E43CA8701F1A11B600FD764E /* placesInBookmarkTableViewController.swift */ = {isa = PBXFileReference; fileEncoding = 4; lastKnownFileType = sourcecode.swift; path = placesInBookmarkTableViewController.swift; sourceTree = "<group>"; };
		E43CA8721F1A126E00FD764E /* adoptionInBookmarksTableViewController.swift */ = {isa = PBXFileReference; fileEncoding = 4; lastKnownFileType = sourcecode.swift; path = adoptionInBookmarksTableViewController.swift; sourceTree = "<group>"; };
		E43CA8741F1A12F300FD764E /* eventsInBookmarksTableViewController.swift */ = {isa = PBXFileReference; fileEncoding = 4; lastKnownFileType = sourcecode.swift; path = eventsInBookmarksTableViewController.swift; sourceTree = "<group>"; };
		E43CA8761F1A1B0800FD764E /* bookmarksTableViewCell.swift */ = {isa = PBXFileReference; fileEncoding = 4; lastKnownFileType = sourcecode.swift; path = bookmarksTableViewCell.swift; sourceTree = "<group>"; };
		E43CA8781F1A32D800FD764E /* allChatsViewController.swift */ = {isa = PBXFileReference; fileEncoding = 4; lastKnownFileType = sourcecode.swift; path = allChatsViewController.swift; sourceTree = "<group>"; };
		E43CA87A1F1A361800FD764E /* SourceSansPro-Regular.ttf */ = {isa = PBXFileReference; lastKnownFileType = file; path = "SourceSansPro-Regular.ttf"; sourceTree = "<group>"; };
		E43CA87C1F1A399600FD764E /* chatTableViewCell.swift */ = {isa = PBXFileReference; fileEncoding = 4; lastKnownFileType = sourcecode.swift; path = chatTableViewCell.swift; sourceTree = "<group>"; };
		E43CA87E1F1A5C9500FD764E /* oneChatViewController.swift */ = {isa = PBXFileReference; fileEncoding = 4; lastKnownFileType = sourcecode.swift; path = oneChatViewController.swift; sourceTree = "<group>"; };
		E43CA8801F1BC5ED00FD764E /* exploreViewController.swift */ = {isa = PBXFileReference; fileEncoding = 4; lastKnownFileType = sourcecode.swift; path = exploreViewController.swift; sourceTree = "<group>"; };
		E43CA8821F1C6C4D00FD764E /* questionOnlyTableViewCell.swift */ = {isa = PBXFileReference; fileEncoding = 4; lastKnownFileType = sourcecode.swift; path = questionOnlyTableViewCell.swift; sourceTree = "<group>"; };
		E43CA8851F1C742E00FD764E /* exploreTVDSDL.swift */ = {isa = PBXFileReference; fileEncoding = 4; lastKnownFileType = sourcecode.swift; path = exploreTVDSDL.swift; sourceTree = "<group>"; };
		E43CA8871F1CF3AA00FD764E /* tookToServiceTableViewCell.swift */ = {isa = PBXFileReference; fileEncoding = 4; lastKnownFileType = sourcecode.swift; path = tookToServiceTableViewCell.swift; sourceTree = "<group>"; };
		E43CA8891F1D138800FD764E /* doggo.jpg */ = {isa = PBXFileReference; lastKnownFileType = image.jpeg; path = doggo.jpg; sourceTree = "<group>"; };
		E43CA88B1F1D13FC00FD764E /* imagesInExploreCollectionViewCell.swift */ = {isa = PBXFileReference; fileEncoding = 4; lastKnownFileType = sourcecode.swift; path = imagesInExploreCollectionViewCell.swift; sourceTree = "<group>"; };
		E4768C6E1EF771DE003D2506 /* loginViewController.swift */ = {isa = PBXFileReference; fileEncoding = 4; lastKnownFileType = sourcecode.swift; path = loginViewController.swift; sourceTree = "<group>"; };
		E4768C701EF7FB98003D2506 /* tutSample1.mov */ = {isa = PBXFileReference; lastKnownFileType = video.quicktime; path = tutSample1.mov; sourceTree = "<group>"; };
		E4768C721EF80F15003D2506 /* Helpers.swift */ = {isa = PBXFileReference; fileEncoding = 4; lastKnownFileType = sourcecode.swift; path = Helpers.swift; sourceTree = "<group>"; };
		E4768C741EF823DE003D2506 /* basicInfoViewController.swift */ = {isa = PBXFileReference; fileEncoding = 4; lastKnownFileType = sourcecode.swift; path = basicInfoViewController.swift; sourceTree = "<group>"; };
		E4768C761EF838FF003D2506 /* userTypeTableViewCell.swift */ = {isa = PBXFileReference; fileEncoding = 4; lastKnownFileType = sourcecode.swift; path = userTypeTableViewCell.swift; sourceTree = "<group>"; };
		E4768C781EF85EDE003D2506 /* Intro.storyboard */ = {isa = PBXFileReference; fileEncoding = 4; lastKnownFileType = file.storyboard; path = Intro.storyboard; sourceTree = "<group>"; };
		E4768C7A1EF86041003D2506 /* Home.storyboard */ = {isa = PBXFileReference; fileEncoding = 4; lastKnownFileType = file.storyboard; path = Home.storyboard; sourceTree = "<group>"; };
		E4768C7C1EF868F6003D2506 /* HomeTab.storyboard */ = {isa = PBXFileReference; fileEncoding = 4; lastKnownFileType = file.storyboard; path = HomeTab.storyboard; sourceTree = "<group>"; };
		E4768C7E1EF86915003D2506 /* StoriesTab.storyboard */ = {isa = PBXFileReference; fileEncoding = 4; lastKnownFileType = file.storyboard; path = StoriesTab.storyboard; sourceTree = "<group>"; };
		E4768C801EF86930003D2506 /* NotificationsTab.storyboard */ = {isa = PBXFileReference; fileEncoding = 4; lastKnownFileType = file.storyboard; path = NotificationsTab.storyboard; sourceTree = "<group>"; };
		E4768C821EF86947003D2506 /* MeTab.storyboard */ = {isa = PBXFileReference; fileEncoding = 4; lastKnownFileType = file.storyboard; path = MeTab.storyboard; sourceTree = "<group>"; };
		E4768C881EF86B0B003D2506 /* .gitignore */ = {isa = PBXFileReference; fileEncoding = 4; lastKnownFileType = text; path = .gitignore; sourceTree = "<group>"; };
		E4768C8A1EF929E2003D2506 /* homeViewController.swift */ = {isa = PBXFileReference; fileEncoding = 4; lastKnownFileType = sourcecode.swift; path = homeViewController.swift; sourceTree = "<group>"; };
		E490B55E1F1E358A0002AC83 /* PinterestLayout.swift */ = {isa = PBXFileReference; fileEncoding = 4; lastKnownFileType = sourcecode.swift; path = PinterestLayout.swift; sourceTree = "<group>"; };
		E490B5741F1E3E4F0002AC83 /* storyCollectionViewCell.swift */ = {isa = PBXFileReference; fileEncoding = 4; lastKnownFileType = sourcecode.swift; path = storyCollectionViewCell.swift; sourceTree = "<group>"; };
		E490B5761F1E4AEE0002AC83 /* i1.png */ = {isa = PBXFileReference; lastKnownFileType = image.png; path = i1.png; sourceTree = "<group>"; };
		E490B5781F1E4AF70002AC83 /* i2.png */ = {isa = PBXFileReference; lastKnownFileType = image.png; path = i2.png; sourceTree = "<group>"; };
		E490B57A1F1E599B0002AC83 /* notificationsViewController.swift */ = {isa = PBXFileReference; fileEncoding = 4; lastKnownFileType = sourcecode.swift; path = notificationsViewController.swift; sourceTree = "<group>"; };
		E490B57C1F1E5DD30002AC83 /* notificationsTVDSDL.swift */ = {isa = PBXFileReference; fileEncoding = 4; lastKnownFileType = sourcecode.swift; path = notificationsTVDSDL.swift; sourceTree = "<group>"; };
		E490B57E1F1F096A0002AC83 /* storyDetailViewController.swift */ = {isa = PBXFileReference; fileEncoding = 4; lastKnownFileType = sourcecode.swift; path = storyDetailViewController.swift; sourceTree = "<group>"; };
		E490B5801F1F118F0002AC83 /* storyHeaderTableViewCell.swift */ = {isa = PBXFileReference; fileEncoding = 4; lastKnownFileType = sourcecode.swift; path = storyHeaderTableViewCell.swift; sourceTree = "<group>"; };
		E490B5821F1F1FF30002AC83 /* storyLeftRightTableViewCell.swift */ = {isa = PBXFileReference; fileEncoding = 4; lastKnownFileType = sourcecode.swift; path = storyLeftRightTableViewCell.swift; sourceTree = "<group>"; };
		E490B5861F1F25520002AC83 /* Suchita3.png */ = {isa = PBXFileReference; lastKnownFileType = image.png; path = Suchita3.png; sourceTree = "<group>"; };
		E490B5881F1F28F50002AC83 /* quoteTableViewCell.swift */ = {isa = PBXFileReference; fileEncoding = 4; lastKnownFileType = sourcecode.swift; path = quoteTableViewCell.swift; sourceTree = "<group>"; };
		E490B58A1F1F2FF50002AC83 /* readNextTableViewCell.swift */ = {isa = PBXFileReference; fileEncoding = 4; lastKnownFileType = sourcecode.swift; path = readNextTableViewCell.swift; sourceTree = "<group>"; };
		E490B58C1F1F30C10002AC83 /* next.png */ = {isa = PBXFileReference; lastKnownFileType = image.png; path = next.png; sourceTree = "<group>"; };
		E490B58E1F1F919E0002AC83 /* reminderTableViewCell.swift */ = {isa = PBXFileReference; fileEncoding = 4; lastKnownFileType = sourcecode.swift; path = reminderTableViewCell.swift; sourceTree = "<group>"; };
		E490B5901F1F9F4F0002AC83 /* notifTableViewCell.swift */ = {isa = PBXFileReference; fileEncoding = 4; lastKnownFileType = sourcecode.swift; path = notifTableViewCell.swift; sourceTree = "<group>"; };
		E49B88D71F18B74C006451AB /* Explore.storyboard */ = {isa = PBXFileReference; fileEncoding = 4; lastKnownFileType = file.storyboard; path = Explore.storyboard; sourceTree = "<group>"; };
		E49B88D91F18C208006451AB /* PetOye-Bridging-Header.h */ = {isa = PBXFileReference; lastKnownFileType = sourcecode.c.h; path = "PetOye-Bridging-Header.h"; sourceTree = "<group>"; };
		E49B88DA1F18C20A006451AB /* SWRevealViewController.h */ = {isa = PBXFileReference; fileEncoding = 4; lastKnownFileType = sourcecode.c.h; path = SWRevealViewController.h; sourceTree = "<group>"; };
		E49B88DB1F18C20A006451AB /* SWRevealViewController.m */ = {isa = PBXFileReference; fileEncoding = 4; lastKnownFileType = sourcecode.c.objc; path = SWRevealViewController.m; sourceTree = "<group>"; };
		E49B88DD1F18D279006451AB /* hamburgerMenuViewController.swift */ = {isa = PBXFileReference; fileEncoding = 4; lastKnownFileType = sourcecode.swift; path = hamburgerMenuViewController.swift; sourceTree = "<group>"; };
		E49B88DF1F18E006006451AB /* hamUserInfoTableViewCell.swift */ = {isa = PBXFileReference; fileEncoding = 4; lastKnownFileType = sourcecode.swift; path = hamUserInfoTableViewCell.swift; sourceTree = "<group>"; };
		E49CB8221EEFB36E00FE2C73 /* PetOye.app */ = {isa = PBXFileReference; explicitFileType = wrapper.application; includeInIndex = 0; path = PetOye.app; sourceTree = BUILT_PRODUCTS_DIR; };
		E49CB8251EEFB36E00FE2C73 /* AppDelegate.swift */ = {isa = PBXFileReference; lastKnownFileType = sourcecode.swift; path = AppDelegate.swift; sourceTree = "<group>"; };
		E49CB8271EEFB36E00FE2C73 /* ViewController.swift */ = {isa = PBXFileReference; lastKnownFileType = sourcecode.swift; path = ViewController.swift; sourceTree = "<group>"; };
		E49CB82A1EEFB36E00FE2C73 /* Base */ = {isa = PBXFileReference; lastKnownFileType = file.storyboard; name = Base; path = Base.lproj/Main.storyboard; sourceTree = "<group>"; };
		E49CB82C1EEFB36E00FE2C73 /* Assets.xcassets */ = {isa = PBXFileReference; lastKnownFileType = folder.assetcatalog; path = Assets.xcassets; sourceTree = "<group>"; };
		E49CB82F1EEFB36E00FE2C73 /* Base */ = {isa = PBXFileReference; lastKnownFileType = file.storyboard; name = Base; path = Base.lproj/LaunchScreen.storyboard; sourceTree = "<group>"; };
		E49CB8311EEFB36E00FE2C73 /* Info.plist */ = {isa = PBXFileReference; lastKnownFileType = text.plist.xml; path = Info.plist; sourceTree = "<group>"; };
		E49CB8371EEFB68B00FE2C73 /* HVD Fonts - BrandonText-Regular.otf */ = {isa = PBXFileReference; lastKnownFileType = file; path = "HVD Fonts - BrandonText-Regular.otf"; sourceTree = "<group>"; };
		E49CB8391EEFB6A900FE2C73 /* HVD Fonts - BrandonText-Light.otf */ = {isa = PBXFileReference; lastKnownFileType = file; path = "HVD Fonts - BrandonText-Light.otf"; sourceTree = "<group>"; };
		E49CB83B1EEFB6C000FE2C73 /* HVD Fonts - BrandonText-Bold.otf */ = {isa = PBXFileReference; lastKnownFileType = file; path = "HVD Fonts - BrandonText-Bold.otf"; sourceTree = "<group>"; };
		E49CB83D1EEFB6D600FE2C73 /* HVD Fonts - BrandonText-Medium.otf */ = {isa = PBXFileReference; lastKnownFileType = file; path = "HVD Fonts - BrandonText-Medium.otf"; sourceTree = "<group>"; };
		E4D80E851F18EC3B00C09B6F /* shortcutTableViewCell.swift */ = {isa = PBXFileReference; fileEncoding = 4; lastKnownFileType = sourcecode.swift; path = shortcutTableViewCell.swift; sourceTree = "<group>"; };
		E4D80E871F18F26700C09B6F /* demo.jpg */ = {isa = PBXFileReference; lastKnownFileType = image.jpeg; path = demo.jpg; sourceTree = "<group>"; };
		E4D80E891F18F93B00C09B6F /* petStuffTableViewCell.swift */ = {isa = PBXFileReference; fileEncoding = 4; lastKnownFileType = sourcecode.swift; path = petStuffTableViewCell.swift; sourceTree = "<group>"; };
		E4D80E8B1F19119200C09B6F /* subMenuTitleTableViewCell.swift */ = {isa = PBXFileReference; fileEncoding = 4; lastKnownFileType = sourcecode.swift; path = subMenuTitleTableViewCell.swift; sourceTree = "<group>"; };
/* End PBXFileReference section */

/* Begin PBXFrameworksBuildPhase section */
		E49CB81F1EEFB36E00FE2C73 /* Frameworks */ = {
			isa = PBXFrameworksBuildPhase;
			buildActionMask = 2147483647;
			files = (
				9CF748533FC94194916197EE /* Pods_PetOye.framework in Frameworks */,
			);
			runOnlyForDeploymentPostprocessing = 0;
		};
/* End PBXFrameworksBuildPhase section */

/* Begin PBXGroup section */
		465EE181C93E2F76CAE743D3 /* Frameworks */ = {
			isa = PBXGroup;
			children = (
				4FD0AD1B655AFF41BBB31D5A /* Pods_PetOye.framework */,
			);
			name = Frameworks;
			sourceTree = "<group>";
		};
		966F206CA480C7DCF9274EE2 /* Pods */ = {
			isa = PBXGroup;
			children = (
				CF8796C3148C2DBDA68187DA /* Pods-PetOye.debug.xcconfig */,
				9DDCA9B1A44F7B9CFA8902CC /* Pods-PetOye.release.xcconfig */,
			);
			name = Pods;
			sourceTree = "<group>";
		};
		E43CA8661F19F1E100FD764E /* Controllers */ = {
			isa = PBXGroup;
			children = (
				E49B88DD1F18D279006451AB /* hamburgerMenuViewController.swift */,
				E4768C8A1EF929E2003D2506 /* homeViewController.swift */,
			);
			name = Controllers;
			sourceTree = "<group>";
		};
		E43CA8671F19F1F000FD764E /* Cells */ = {
			isa = PBXGroup;
			children = (
				E49B88DF1F18E006006451AB /* hamUserInfoTableViewCell.swift */,
				E4D80E851F18EC3B00C09B6F /* shortcutTableViewCell.swift */,
				E4D80E891F18F93B00C09B6F /* petStuffTableViewCell.swift */,
				E4D80E8B1F19119200C09B6F /* subMenuTitleTableViewCell.swift */,
			);
			name = Cells;
			sourceTree = "<group>";
		};
		E43CA8681F19F21300FD764E /* Cells */ = {
			isa = PBXGroup;
			children = (
				E4768C761EF838FF003D2506 /* userTypeTableViewCell.swift */,
			);
			name = Cells;
			sourceTree = "<group>";
		};
		E43CA8691F19F21F00FD764E /* Controllers */ = {
			isa = PBXGroup;
			children = (
				E49CB8271EEFB36E00FE2C73 /* ViewController.swift */,
				E4768C741EF823DE003D2506 /* basicInfoViewController.swift */,
				E4768C6E1EF771DE003D2506 /* loginViewController.swift */,
				E418C4DC1EF6FA7A00B02C47 /* introViewController.swift */,
			);
			name = Controllers;
			sourceTree = "<group>";
		};
		E43CA8841F1C6C6700FD764E /* Explore */ = {
			isa = PBXGroup;
			children = (
				E490B5741F1E3E4F0002AC83 /* storyCollectionViewCell.swift */,
				E43CA88B1F1D13FC00FD764E /* imagesInExploreCollectionViewCell.swift */,
				E43CA8871F1CF3AA00FD764E /* tookToServiceTableViewCell.swift */,
				E43CA8851F1C742E00FD764E /* exploreTVDSDL.swift */,
				E43CA8821F1C6C4D00FD764E /* questionOnlyTableViewCell.swift */,
				E43CA8801F1BC5ED00FD764E /* exploreViewController.swift */,
			);
			name = Explore;
			sourceTree = "<group>";
		};
		E4768C841EF86969003D2506 /* Supporting files */ = {
			isa = PBXGroup;
			children = (
				E49CB8251EEFB36E00FE2C73 /* AppDelegate.swift */,
				E49CB8311EEFB36E00FE2C73 /* Info.plist */,
				E4768C881EF86B0B003D2506 /* .gitignore */,
				E4768C701EF7FB98003D2506 /* tutSample1.mov */,
				E4D80E871F18F26700C09B6F /* demo.jpg */,
				E43CA8891F1D138800FD764E /* doggo.jpg */,
				E490B5761F1E4AEE0002AC83 /* i1.png */,
				E490B5781F1E4AF70002AC83 /* i2.png */,
				E490B5861F1F25520002AC83 /* Suchita3.png */,
				E490B58C1F1F30C10002AC83 /* next.png */,
			);
			name = "Supporting files";
			sourceTree = "<group>";
		};
		E4768C851EF86988003D2506 /* Helpers */ = {
			isa = PBXGroup;
			children = (
				E490B55E1F1E358A0002AC83 /* PinterestLayout.swift */,
				E49B88DA1F18C20A006451AB /* SWRevealViewController.h */,
				E49B88DB1F18C20A006451AB /* SWRevealViewController.m */,
				E418C4DE1EF6FD2D00B02C47 /* Colors.swift */,
				E4768C721EF80F15003D2506 /* Helpers.swift */,
				E49B88D91F18C208006451AB /* PetOye-Bridging-Header.h */,
			);
			name = Helpers;
			sourceTree = "<group>";
		};
		E4768C861EF869A2003D2506 /* Intro */ = {
			isa = PBXGroup;
			children = (
				E43CA8691F19F21F00FD764E /* Controllers */,
				E43CA8681F19F21300FD764E /* Cells */,
			);
			name = Intro;
			sourceTree = "<group>";
		};
		E4768C871EF869B1003D2506 /* PetOye app v1 */ = {
			isa = PBXGroup;
			children = (
				E490B5901F1F9F4F0002AC83 /* notifTableViewCell.swift */,
				E490B58E1F1F919E0002AC83 /* reminderTableViewCell.swift */,
				E490B58A1F1F2FF50002AC83 /* readNextTableViewCell.swift */,
				E490B5881F1F28F50002AC83 /* quoteTableViewCell.swift */,
				E490B5821F1F1FF30002AC83 /* storyLeftRightTableViewCell.swift */,
				E490B5801F1F118F0002AC83 /* storyHeaderTableViewCell.swift */,
				E490B57E1F1F096A0002AC83 /* storyDetailViewController.swift */,
				E490B57C1F1E5DD30002AC83 /* notificationsTVDSDL.swift */,
				E490B57A1F1E599B0002AC83 /* notificationsViewController.swift */,
				E43CA8841F1C6C6700FD764E /* Explore */,
				E4768C861EF869A2003D2506 /* Intro */,
				E4F5DA8F1EFB77CC00801431 /* Home */,
			);
			name = "PetOye app v1";
			sourceTree = "<group>";
		};
		E49CB8191EEFB36E00FE2C73 = {
			isa = PBXGroup;
			children = (
				E49CB8241EEFB36E00FE2C73 /* PetOye */,
				E49CB8231EEFB36E00FE2C73 /* Products */,
				966F206CA480C7DCF9274EE2 /* Pods */,
				465EE181C93E2F76CAE743D3 /* Frameworks */,
			);
			sourceTree = "<group>";
		};
		E49CB8231EEFB36E00FE2C73 /* Products */ = {
			isa = PBXGroup;
			children = (
				E49CB8221EEFB36E00FE2C73 /* PetOye.app */,
			);
			name = Products;
			sourceTree = "<group>";
		};
		E49CB8241EEFB36E00FE2C73 /* PetOye */ = {
			isa = PBXGroup;
			children = (
				E4768C871EF869B1003D2506 /* PetOye app v1 */,
				E4768C851EF86988003D2506 /* Helpers */,
				E4768C841EF86969003D2506 /* Supporting files */,
				E49CB83F1EEFB6E000FE2C73 /* Fonts */,
				E49CB8291EEFB36E00FE2C73 /* Main.storyboard */,
				E4768C781EF85EDE003D2506 /* Intro.storyboard */,
				E4768C7A1EF86041003D2506 /* Home.storyboard */,
				E4768C7C1EF868F6003D2506 /* HomeTab.storyboard */,
				E49B88D71F18B74C006451AB /* Explore.storyboard */,
				E4768C821EF86947003D2506 /* MeTab.storyboard */,
				E4768C801EF86930003D2506 /* NotificationsTab.storyboard */,
				E4768C7E1EF86915003D2506 /* StoriesTab.storyboard */,
				E49CB82C1EEFB36E00FE2C73 /* Assets.xcassets */,
				E49CB82E1EEFB36E00FE2C73 /* LaunchScreen.storyboard */,
			);
			path = PetOye;
			sourceTree = "<group>";
		};
		E49CB83F1EEFB6E000FE2C73 /* Fonts */ = {
			isa = PBXGroup;
			children = (
				E43CA87A1F1A361800FD764E /* SourceSansPro-Regular.ttf */,
				E49CB8371EEFB68B00FE2C73 /* HVD Fonts - BrandonText-Regular.otf */,
				E49CB8391EEFB6A900FE2C73 /* HVD Fonts - BrandonText-Light.otf */,
				E49CB83B1EEFB6C000FE2C73 /* HVD Fonts - BrandonText-Bold.otf */,
				E49CB83D1EEFB6D600FE2C73 /* HVD Fonts - BrandonText-Medium.otf */,
			);
			name = Fonts;
			sourceTree = "<group>";
		};
		E4F5DA8F1EFB77CC00801431 /* Home */ = {
			isa = PBXGroup;
			children = (
				E43CA87E1F1A5C9500FD764E /* oneChatViewController.swift */,
				E43CA87C1F1A399600FD764E /* chatTableViewCell.swift */,
				E43CA8781F1A32D800FD764E /* allChatsViewController.swift */,
				E43CA8761F1A1B0800FD764E /* bookmarksTableViewCell.swift */,
				E43CA8701F1A11B600FD764E /* placesInBookmarkTableViewController.swift */,
				E43CA8721F1A126E00FD764E /* adoptionInBookmarksTableViewController.swift */,
				E43CA8741F1A12F300FD764E /* eventsInBookmarksTableViewController.swift */,
				E43CA86E1F1A0F8000FD764E /* questionsInBookmarkTableViewController.swift */,
				E43CA86A1F19FDEC00FD764E /* bookmarkViewController.swift */,
				E43CA86C1F19FF6F00FD764E /* serviceInBookmarkTableViewController.swift */,
				E43CA8671F19F1F000FD764E /* Cells */,
				E43CA8661F19F1E100FD764E /* Controllers */,
			);
			name = Home;
			sourceTree = "<group>";
		};
/* End PBXGroup section */

/* Begin PBXNativeTarget section */
		E49CB8211EEFB36E00FE2C73 /* PetOye */ = {
			isa = PBXNativeTarget;
			buildConfigurationList = E49CB8341EEFB36E00FE2C73 /* Build configuration list for PBXNativeTarget "PetOye" */;
			buildPhases = (
				D647B380A1C03CBB8B05AEE1 /* [CP] Check Pods Manifest.lock */,
				E49CB81E1EEFB36E00FE2C73 /* Sources */,
				E49CB81F1EEFB36E00FE2C73 /* Frameworks */,
				E49CB8201EEFB36E00FE2C73 /* Resources */,
				3B40342087739CFE3D23A25A /* [CP] Embed Pods Frameworks */,
				8A08B055BD4288453F4E4467 /* [CP] Copy Pods Resources */,
			);
			buildRules = (
			);
			dependencies = (
			);
			name = PetOye;
			productName = PetOye;
			productReference = E49CB8221EEFB36E00FE2C73 /* PetOye.app */;
			productType = "com.apple.product-type.application";
		};
/* End PBXNativeTarget section */

/* Begin PBXProject section */
		E49CB81A1EEFB36E00FE2C73 /* Project object */ = {
			isa = PBXProject;
			attributes = {
				LastSwiftUpdateCheck = 0830;
				LastUpgradeCheck = 0830;
				ORGANIZATIONNAME = vit;
				TargetAttributes = {
					E49CB8211EEFB36E00FE2C73 = {
						CreatedOnToolsVersion = 8.3.2;
						DevelopmentTeam = JC959F8T7E;
						LastSwiftMigration = 0830;
						ProvisioningStyle = Automatic;
					};
				};
			};
			buildConfigurationList = E49CB81D1EEFB36E00FE2C73 /* Build configuration list for PBXProject "PetOye" */;
			compatibilityVersion = "Xcode 3.2";
			developmentRegion = English;
			hasScannedForEncodings = 0;
			knownRegions = (
				en,
				Base,
			);
			mainGroup = E49CB8191EEFB36E00FE2C73;
			productRefGroup = E49CB8231EEFB36E00FE2C73 /* Products */;
			projectDirPath = "";
			projectRoot = "";
			targets = (
				E49CB8211EEFB36E00FE2C73 /* PetOye */,
			);
		};
/* End PBXProject section */

/* Begin PBXResourcesBuildPhase section */
		E49CB8201EEFB36E00FE2C73 /* Resources */ = {
			isa = PBXResourcesBuildPhase;
			buildActionMask = 2147483647;
			files = (
				E43CA87B1F1A365100FD764E /* SourceSansPro-Regular.ttf in Resources */,
				E4768C831EF86947003D2506 /* MeTab.storyboard in Resources */,
				E490B5791F1E4AF70002AC83 /* i2.png in Resources */,
				E49CB83E1EEFB6DB00FE2C73 /* HVD Fonts - BrandonText-Medium.otf in Resources */,
				E4768C7B1EF86041003D2506 /* Home.storyboard in Resources */,
				E49CB83C1EEFB6C800FE2C73 /* HVD Fonts - BrandonText-Bold.otf in Resources */,
				E4D80E881F18F26700C09B6F /* demo.jpg in Resources */,
				E4768C791EF85EDE003D2506 /* Intro.storyboard in Resources */,
				E4768C7F1EF86915003D2506 /* StoriesTab.storyboard in Resources */,
				E49CB83A1EEFB6AF00FE2C73 /* HVD Fonts - BrandonText-Light.otf in Resources */,
				E4768C7D1EF868F6003D2506 /* HomeTab.storyboard in Resources */,
				E49B88D81F18B74C006451AB /* Explore.storyboard in Resources */,
				E49CB8381EEFB69500FE2C73 /* HVD Fonts - BrandonText-Regular.otf in Resources */,
				E49CB8301EEFB36E00FE2C73 /* LaunchScreen.storyboard in Resources */,
				E4768C891EF86B0B003D2506 /* .gitignore in Resources */,
				E4768C811EF86930003D2506 /* NotificationsTab.storyboard in Resources */,
				E490B5771F1E4AEE0002AC83 /* i1.png in Resources */,
				E49CB82D1EEFB36E00FE2C73 /* Assets.xcassets in Resources */,
				E4768C711EF7FB98003D2506 /* tutSample1.mov in Resources */,
				E490B5871F1F25520002AC83 /* Suchita3.png in Resources */,
				E490B58D1F1F30C10002AC83 /* next.png in Resources */,
				E49CB82B1EEFB36E00FE2C73 /* Main.storyboard in Resources */,
				E43CA88A1F1D138800FD764E /* doggo.jpg in Resources */,
			);
			runOnlyForDeploymentPostprocessing = 0;
		};
/* End PBXResourcesBuildPhase section */

/* Begin PBXShellScriptBuildPhase section */
		3B40342087739CFE3D23A25A /* [CP] Embed Pods Frameworks */ = {
			isa = PBXShellScriptBuildPhase;
			buildActionMask = 2147483647;
			files = (
			);
			inputPaths = (
			);
			name = "[CP] Embed Pods Frameworks";
			outputPaths = (
			);
			runOnlyForDeploymentPostprocessing = 0;
			shellPath = /bin/sh;
			shellScript = "\"${SRCROOT}/Pods/Target Support Files/Pods-PetOye/Pods-PetOye-frameworks.sh\"\n";
			showEnvVarsInLog = 0;
		};
		8A08B055BD4288453F4E4467 /* [CP] Copy Pods Resources */ = {
			isa = PBXShellScriptBuildPhase;
			buildActionMask = 2147483647;
			files = (
			);
			inputPaths = (
			);
			name = "[CP] Copy Pods Resources";
			outputPaths = (
			);
			runOnlyForDeploymentPostprocessing = 0;
			shellPath = /bin/sh;
			shellScript = "\"${SRCROOT}/Pods/Target Support Files/Pods-PetOye/Pods-PetOye-resources.sh\"\n";
			showEnvVarsInLog = 0;
		};
		D647B380A1C03CBB8B05AEE1 /* [CP] Check Pods Manifest.lock */ = {
			isa = PBXShellScriptBuildPhase;
			buildActionMask = 2147483647;
			files = (
			);
			inputPaths = (
			);
			name = "[CP] Check Pods Manifest.lock";
			outputPaths = (
			);
			runOnlyForDeploymentPostprocessing = 0;
			shellPath = /bin/sh;
			shellScript = "diff \"${PODS_PODFILE_DIR_PATH}/Podfile.lock\" \"${PODS_ROOT}/Manifest.lock\" > /dev/null\nif [ $? != 0 ] ; then\n    # print error to STDERR\n    echo \"error: The sandbox is not in sync with the Podfile.lock. Run 'pod install' or update your CocoaPods installation.\" >&2\n    exit 1\nfi\n";
			showEnvVarsInLog = 0;
		};
/* End PBXShellScriptBuildPhase section */

/* Begin PBXSourcesBuildPhase section */
		E49CB81E1EEFB36E00FE2C73 /* Sources */ = {
			isa = PBXSourcesBuildPhase;
			buildActionMask = 2147483647;
			files = (
				E490B57B1F1E599B0002AC83 /* notificationsViewController.swift in Sources */,
				E490B5751F1E3E4F0002AC83 /* storyCollectionViewCell.swift in Sources */,
				E43CA8811F1BC5ED00FD764E /* exploreViewController.swift in Sources */,
				E43CA8751F1A12F300FD764E /* eventsInBookmarksTableViewController.swift in Sources */,
				E43CA87F1F1A5C9500FD764E /* oneChatViewController.swift in Sources */,
				E43CA88C1F1D13FC00FD764E /* imagesInExploreCollectionViewCell.swift in Sources */,
				E490B5811F1F118F0002AC83 /* storyHeaderTableViewCell.swift in Sources */,
				E49B88DE1F18D279006451AB /* hamburgerMenuViewController.swift in Sources */,
				E49CB8281EEFB36E00FE2C73 /* ViewController.swift in Sources */,
				E4D80E861F18EC3B00C09B6F /* shortcutTableViewCell.swift in Sources */,
				E4768C8B1EF929E2003D2506 /* homeViewController.swift in Sources */,
				E490B55F1F1E358A0002AC83 /* PinterestLayout.swift in Sources */,
				E43CA87D1F1A399600FD764E /* chatTableViewCell.swift in Sources */,
				E4768C751EF823DE003D2506 /* basicInfoViewController.swift in Sources */,
				E4768C771EF838FF003D2506 /* userTypeTableViewCell.swift in Sources */,
				E490B58F1F1F919E0002AC83 /* reminderTableViewCell.swift in Sources */,
				E490B5911F1F9F4F0002AC83 /* notifTableViewCell.swift in Sources */,
				E43CA86F1F1A0F8000FD764E /* questionsInBookmarkTableViewController.swift in Sources */,
				E43CA8791F1A32D800FD764E /* allChatsViewController.swift in Sources */,
				E4768C731EF80F15003D2506 /* Helpers.swift in Sources */,
				E418C4DF1EF6FD2D00B02C47 /* Colors.swift in Sources */,
				E43CA8881F1CF3AA00FD764E /* tookToServiceTableViewCell.swift in Sources */,
				E490B57F1F1F096A0002AC83 /* storyDetailViewController.swift in Sources */,
				E43CA8831F1C6C4D00FD764E /* questionOnlyTableViewCell.swift in Sources */,
				E490B5891F1F28F50002AC83 /* quoteTableViewCell.swift in Sources */,
				E49CB8261EEFB36E00FE2C73 /* AppDelegate.swift in Sources */,
				E490B57D1F1E5DD30002AC83 /* notificationsTVDSDL.swift in Sources */,
				E49B88DC1F18C20A006451AB /* SWRevealViewController.m in Sources */,
				E49B88E01F18E006006451AB /* hamUserInfoTableViewCell.swift in Sources */,
				E418C4DD1EF6FA7A00B02C47 /* introViewController.swift in Sources */,
				E43CA86B1F19FDEC00FD764E /* bookmarkViewController.swift in Sources */,
				E43CA86D1F19FF6F00FD764E /* serviceInBookmarkTableViewController.swift in Sources */,
				E4D80E8A1F18F93B00C09B6F /* petStuffTableViewCell.swift in Sources */,
				E43CA8731F1A126E00FD764E /* adoptionInBookmarksTableViewController.swift in Sources */,
				E490B58B1F1F2FF50002AC83 /* readNextTableViewCell.swift in Sources */,
				E4D80E8C1F19119200C09B6F /* subMenuTitleTableViewCell.swift in Sources */,
				E43CA8711F1A11B600FD764E /* placesInBookmarkTableViewController.swift in Sources */,
				E4768C6F1EF771DE003D2506 /* loginViewController.swift in Sources */,
				E490B5831F1F1FF30002AC83 /* storyLeftRightTableViewCell.swift in Sources */,
				E43CA8861F1C742E00FD764E /* exploreTVDSDL.swift in Sources */,
				E43CA8771F1A1B0800FD764E /* bookmarksTableViewCell.swift in Sources */,
			);
			runOnlyForDeploymentPostprocessing = 0;
		};
/* End PBXSourcesBuildPhase section */

/* Begin PBXVariantGroup section */
		E49CB8291EEFB36E00FE2C73 /* Main.storyboard */ = {
			isa = PBXVariantGroup;
			children = (
				E49CB82A1EEFB36E00FE2C73 /* Base */,
			);
			name = Main.storyboard;
			sourceTree = "<group>";
		};
		E49CB82E1EEFB36E00FE2C73 /* LaunchScreen.storyboard */ = {
			isa = PBXVariantGroup;
			children = (
				E49CB82F1EEFB36E00FE2C73 /* Base */,
			);
			name = LaunchScreen.storyboard;
			sourceTree = "<group>";
		};
/* End PBXVariantGroup section */

/* Begin XCBuildConfiguration section */
		E49CB8321EEFB36E00FE2C73 /* Debug */ = {
			isa = XCBuildConfiguration;
			buildSettings = {
				ALWAYS_SEARCH_USER_PATHS = NO;
				CLANG_ANALYZER_NONNULL = YES;
				CLANG_ANALYZER_NUMBER_OBJECT_CONVERSION = YES_AGGRESSIVE;
				CLANG_CXX_LANGUAGE_STANDARD = "gnu++0x";
				CLANG_CXX_LIBRARY = "libc++";
				CLANG_ENABLE_MODULES = YES;
				CLANG_ENABLE_OBJC_ARC = YES;
				CLANG_WARN_BOOL_CONVERSION = YES;
				CLANG_WARN_CONSTANT_CONVERSION = YES;
				CLANG_WARN_DIRECT_OBJC_ISA_USAGE = YES_ERROR;
				CLANG_WARN_DOCUMENTATION_COMMENTS = YES;
				CLANG_WARN_EMPTY_BODY = YES;
				CLANG_WARN_ENUM_CONVERSION = YES;
				CLANG_WARN_INFINITE_RECURSION = YES;
				CLANG_WARN_INT_CONVERSION = YES;
				CLANG_WARN_OBJC_ROOT_CLASS = YES_ERROR;
				CLANG_WARN_SUSPICIOUS_MOVE = YES;
				CLANG_WARN_UNREACHABLE_CODE = YES;
				CLANG_WARN__DUPLICATE_METHOD_MATCH = YES;
				"CODE_SIGN_IDENTITY[sdk=iphoneos*]" = "iPhone Developer";
				COPY_PHASE_STRIP = NO;
				DEBUG_INFORMATION_FORMAT = dwarf;
				ENABLE_STRICT_OBJC_MSGSEND = YES;
				ENABLE_TESTABILITY = YES;
				GCC_C_LANGUAGE_STANDARD = gnu99;
				GCC_DYNAMIC_NO_PIC = NO;
				GCC_NO_COMMON_BLOCKS = YES;
				GCC_OPTIMIZATION_LEVEL = 0;
				GCC_PREPROCESSOR_DEFINITIONS = (
					"DEBUG=1",
					"$(inherited)",
				);
				GCC_WARN_64_TO_32_BIT_CONVERSION = YES;
				GCC_WARN_ABOUT_RETURN_TYPE = YES_ERROR;
				GCC_WARN_UNDECLARED_SELECTOR = YES;
				GCC_WARN_UNINITIALIZED_AUTOS = YES_AGGRESSIVE;
				GCC_WARN_UNUSED_FUNCTION = YES;
				GCC_WARN_UNUSED_VARIABLE = YES;
				IPHONEOS_DEPLOYMENT_TARGET = 10.3;
				MTL_ENABLE_DEBUG_INFO = YES;
				ONLY_ACTIVE_ARCH = YES;
				SDKROOT = iphoneos;
				SWIFT_ACTIVE_COMPILATION_CONDITIONS = DEBUG;
				SWIFT_OPTIMIZATION_LEVEL = "-Onone";
			};
			name = Debug;
		};
		E49CB8331EEFB36E00FE2C73 /* Release */ = {
			isa = XCBuildConfiguration;
			buildSettings = {
				ALWAYS_SEARCH_USER_PATHS = NO;
				CLANG_ANALYZER_NONNULL = YES;
				CLANG_ANALYZER_NUMBER_OBJECT_CONVERSION = YES_AGGRESSIVE;
				CLANG_CXX_LANGUAGE_STANDARD = "gnu++0x";
				CLANG_CXX_LIBRARY = "libc++";
				CLANG_ENABLE_MODULES = YES;
				CLANG_ENABLE_OBJC_ARC = YES;
				CLANG_WARN_BOOL_CONVERSION = YES;
				CLANG_WARN_CONSTANT_CONVERSION = YES;
				CLANG_WARN_DIRECT_OBJC_ISA_USAGE = YES_ERROR;
				CLANG_WARN_DOCUMENTATION_COMMENTS = YES;
				CLANG_WARN_EMPTY_BODY = YES;
				CLANG_WARN_ENUM_CONVERSION = YES;
				CLANG_WARN_INFINITE_RECURSION = YES;
				CLANG_WARN_INT_CONVERSION = YES;
				CLANG_WARN_OBJC_ROOT_CLASS = YES_ERROR;
				CLANG_WARN_SUSPICIOUS_MOVE = YES;
				CLANG_WARN_UNREACHABLE_CODE = YES;
				CLANG_WARN__DUPLICATE_METHOD_MATCH = YES;
				"CODE_SIGN_IDENTITY[sdk=iphoneos*]" = "iPhone Developer";
				COPY_PHASE_STRIP = NO;
				DEBUG_INFORMATION_FORMAT = "dwarf-with-dsym";
				ENABLE_NS_ASSERTIONS = NO;
				ENABLE_STRICT_OBJC_MSGSEND = YES;
				GCC_C_LANGUAGE_STANDARD = gnu99;
				GCC_NO_COMMON_BLOCKS = YES;
				GCC_WARN_64_TO_32_BIT_CONVERSION = YES;
				GCC_WARN_ABOUT_RETURN_TYPE = YES_ERROR;
				GCC_WARN_UNDECLARED_SELECTOR = YES;
				GCC_WARN_UNINITIALIZED_AUTOS = YES_AGGRESSIVE;
				GCC_WARN_UNUSED_FUNCTION = YES;
				GCC_WARN_UNUSED_VARIABLE = YES;
				IPHONEOS_DEPLOYMENT_TARGET = 10.3;
				MTL_ENABLE_DEBUG_INFO = NO;
				SDKROOT = iphoneos;
				SWIFT_OPTIMIZATION_LEVEL = "-Owholemodule";
				VALIDATE_PRODUCT = YES;
			};
			name = Release;
		};
		E49CB8351EEFB36E00FE2C73 /* Debug */ = {
			isa = XCBuildConfiguration;
			baseConfigurationReference = CF8796C3148C2DBDA68187DA /* Pods-PetOye.debug.xcconfig */;
			buildSettings = {
				ASSETCATALOG_COMPILER_APPICON_NAME = AppIcon;
				CLANG_ENABLE_MODULES = YES;
				DEBUG_ACTIVITY_MODE = "";
				"DEBUG_ACTIVITY_MODE[sdk=iphonesimulator*]" = disable;
				DEVELOPMENT_TEAM = JC959F8T7E;
				ENABLE_BITCODE = NO;
				INFOPLIST_FILE = PetOye/Info.plist;
				LD_RUNPATH_SEARCH_PATHS = "$(inherited) @executable_path/Frameworks";
				PRODUCT_BUNDLE_IDENTIFIER = com.vit.PetOye;
				PRODUCT_NAME = "$(TARGET_NAME)";
				SWIFT_OBJC_BRIDGING_HEADER = "PetOye/PetOye-Bridging-Header.h";
				SWIFT_OPTIMIZATION_LEVEL = "-Onone";
				SWIFT_VERSION = 3.0;
			};
			name = Debug;
		};
		E49CB8361EEFB36E00FE2C73 /* Release */ = {
			isa = XCBuildConfiguration;
			baseConfigurationReference = 9DDCA9B1A44F7B9CFA8902CC /* Pods-PetOye.release.xcconfig */;
			buildSettings = {
				ASSETCATALOG_COMPILER_APPICON_NAME = AppIcon;
				CLANG_ENABLE_MODULES = YES;
				DEBUG_ACTIVITY_MODE = "";
				DEVELOPMENT_TEAM = JC959F8T7E;
				ENABLE_BITCODE = NO;
				INFOPLIST_FILE = PetOye/Info.plist;
				LD_RUNPATH_SEARCH_PATHS = "$(inherited) @executable_path/Frameworks";
				PRODUCT_BUNDLE_IDENTIFIER = com.vit.PetOye;
				PRODUCT_NAME = "$(TARGET_NAME)";
				SWIFT_OBJC_BRIDGING_HEADER = "PetOye/PetOye-Bridging-Header.h";
				SWIFT_VERSION = 3.0;
			};
			name = Release;
		};
/* End XCBuildConfiguration section */

/* Begin XCConfigurationList section */
		E49CB81D1EEFB36E00FE2C73 /* Build configuration list for PBXProject "PetOye" */ = {
			isa = XCConfigurationList;
			buildConfigurations = (
				E49CB8321EEFB36E00FE2C73 /* Debug */,
				E49CB8331EEFB36E00FE2C73 /* Release */,
			);
			defaultConfigurationIsVisible = 0;
			defaultConfigurationName = Release;
		};
		E49CB8341EEFB36E00FE2C73 /* Build configuration list for PBXNativeTarget "PetOye" */ = {
			isa = XCConfigurationList;
			buildConfigurations = (
				E49CB8351EEFB36E00FE2C73 /* Debug */,
				E49CB8361EEFB36E00FE2C73 /* Release */,
			);
			defaultConfigurationIsVisible = 0;
			defaultConfigurationName = Release;
		};
/* End XCConfigurationList section */
	};
	rootObject = E49CB81A1EEFB36E00FE2C73 /* Project object */;
}
